
Microsoft Visual Studio Solution File, Format Version 12.00
# Visual Studio 14
VisualStudioVersion = 14.0.25420.1
MinimumVisualStudioVersion = 10.0.40219.1
Project("{2150E333-8FDC-42A3-9474-1A3956D46DE8}") = "src", "src", "{E7DFDC4E-A4ED-442B-B802-4F967358EAA6}"
EndProject
Project("{2150E333-8FDC-42A3-9474-1A3956D46DE8}") = "Solution Items", "Solution Items", "{10ABC90B-EC9B-43F4-BED7-5A95D2E7ADE3}"
	ProjectSection(SolutionItems) = preProject
		global.json = global.json
	EndProjectSection
EndProject
Project("{8BB2217D-0F2D-49D1-97BC-3654ED321F3B}") = "Personal.Movie.Database", "src\Personal.Movie.Database\Personal.Movie.Database.xproj", "{FF570700-F312-4926-8C34-5210A44FB204}"
EndProject
Global
	GlobalSection(SolutionConfigurationPlatforms) = preSolution
		Debug|Any CPU = Debug|Any CPU
		Release|Any CPU = Release|Any CPU
	EndGlobalSection
	GlobalSection(ProjectConfigurationPlatforms) = postSolution
		{FF570700-F312-4926-8C34-5210A44FB204}.Debug|Any CPU.ActiveCfg = Debug|Any CPU
		{FF570700-F312-4926-8C34-5210A44FB204}.Debug|Any CPU.Build.0 = Debug|Any CPU
		{FF570700-F312-4926-8C34-5210A44FB204}.Release|Any CPU.ActiveCfg = Release|Any CPU
		{FF570700-F312-4926-8C34-5210A44FB204}.Release|Any CPU.Build.0 = Release|Any CPU
	EndGlobalSection
	GlobalSection(SolutionProperties) = preSolution
		HideSolutionNode = FALSE
	EndGlobalSection
	GlobalSection(NestedProjects) = preSolution
		{FF570700-F312-4926-8C34-5210A44FB204} = {E7DFDC4E-A4ED-442B-B802-4F967358EAA6}
	EndGlobalSection
EndGlobal
