
Microsoft Visual Studio Solution File, Format Version 12.00
# Visual Studio 14
VisualStudioVersion = 14.0.25420.1
MinimumVisualStudioVersion = 10.0.40219.1
Project("{2150E333-8FDC-42A3-9474-1A3956D46DE8}") = "src", "src", "{1D2EBEDE-D3A9-4734-86F5-6791610CBA65}"
EndProject
Project("{2150E333-8FDC-42A3-9474-1A3956D46DE8}") = "Solution Items", "Solution Items", "{1F164AA5-6224-49C2-96A8-CC8CAC8CC5EB}"
	ProjectSection(SolutionItems) = preProject
		global.json = global.json
	EndProjectSection
EndProject
Project("{8BB2217D-0F2D-49D1-97BC-3654ED321F3B}") = "Personal.Movie.Database.HttpRequestHelper", "src\Personal.Movie.Database.HttpRequestHelper\Personal.Movie.Database.HttpRequestHelper.xproj", "{3DC6A965-56DD-4F21-9B37-71BB2647559E}"
EndProject
Project("{8BB2217D-0F2D-49D1-97BC-3654ED321F3B}") = "Personal.Movie.Database.HttpRequestHelper.UnitTest", "test\Personal.Movie.Database.HttpRequestHelper.UnitTest\Personal.Movie.Database.HttpRequestHelper.UnitTest.xproj", "{A8A457E4-9705-4187-825C-69B2DE6C9A9E}"
EndProject
Global
	GlobalSection(SolutionConfigurationPlatforms) = preSolution
		Debug|Any CPU = Debug|Any CPU
		Release|Any CPU = Release|Any CPU
	EndGlobalSection
	GlobalSection(ProjectConfigurationPlatforms) = postSolution
		{3DC6A965-56DD-4F21-9B37-71BB2647559E}.Debug|Any CPU.ActiveCfg = Debug|Any CPU
		{3DC6A965-56DD-4F21-9B37-71BB2647559E}.Debug|Any CPU.Build.0 = Debug|Any CPU
		{3DC6A965-56DD-4F21-9B37-71BB2647559E}.Release|Any CPU.ActiveCfg = Release|Any CPU
		{3DC6A965-56DD-4F21-9B37-71BB2647559E}.Release|Any CPU.Build.0 = Release|Any CPU
		{A8A457E4-9705-4187-825C-69B2DE6C9A9E}.Debug|Any CPU.ActiveCfg = Debug|Any CPU
		{A8A457E4-9705-4187-825C-69B2DE6C9A9E}.Debug|Any CPU.Build.0 = Debug|Any CPU
		{A8A457E4-9705-4187-825C-69B2DE6C9A9E}.Release|Any CPU.ActiveCfg = Release|Any CPU
		{A8A457E4-9705-4187-825C-69B2DE6C9A9E}.Release|Any CPU.Build.0 = Release|Any CPU
	EndGlobalSection
	GlobalSection(SolutionProperties) = preSolution
		HideSolutionNode = FALSE
	EndGlobalSection
	GlobalSection(NestedProjects) = preSolution
		{3DC6A965-56DD-4F21-9B37-71BB2647559E} = {1D2EBEDE-D3A9-4734-86F5-6791610CBA65}
		{A8A457E4-9705-4187-825C-69B2DE6C9A9E} = {1D2EBEDE-D3A9-4734-86F5-6791610CBA65}
	EndGlobalSection
EndGlobal
